
Microsoft Visual Studio Solution File, Format Version 12.00
# Visual Studio Version 16
VisualStudioVersion = 16.0.29806.167
MinimumVisualStudioVersion = 10.0.40219.1
Project("{8BC9CEB8-8B4A-11D0-8D11-00A0C91BC942}") = "Pear", "Pear.vcxproj", "{74D990CB-64A9-4CAF-883C-B4D93A086570}"
EndProject
Global
	GlobalSection(SolutionConfigurationPlatforms) = preSolution
		Debug|x64 = Debug|x64
		Debug|x86 = Debug|x86
		Release|x64 = Release|x64
		Release|x86 = Release|x86
	EndGlobalSection
	GlobalSection(ProjectConfigurationPlatforms) = postSolution
		{74D990CB-64A9-4CAF-883C-B4D93A086570}.Debug|x64.ActiveCfg = Debug|x64
		{74D990CB-64A9-4CAF-883C-B4D93A086570}.Debug|x64.Build.0 = Debug|x64
		{74D990CB-64A9-4CAF-883C-B4D93A086570}.Debug|x86.ActiveCfg = Debug|Win32
		{74D990CB-64A9-4CAF-883C-B4D93A086570}.Debug|x86.Build.0 = Debug|Win32
		{74D990CB-64A9-4CAF-883C-B4D93A086570}.Release|x64.ActiveCfg = Release|x64
		{74D990CB-64A9-4CAF-883C-B4D93A086570}.Release|x64.Build.0 = Release|x64
		{74D990CB-64A9-4CAF-883C-B4D93A086570}.Release|x86.ActiveCfg = Release|Win32
		{74D990CB-64A9-4CAF-883C-B4D93A086570}.Release|x86.Build.0 = Release|Win32
	EndGlobalSection
	GlobalSection(SolutionProperties) = preSolution
		HideSolutionNode = FALSE
	EndGlobalSection
	GlobalSection(ExtensibilityGlobals) = postSolution
		SolutionGuid = {76B8A02F-4F5E-4171-BBB9-697F461F0E19}
	EndGlobalSection
EndGlobal
